
Microsoft Visual Studio Solution File, Format Version 12.00
# Visual Studio Version 17
VisualStudioVersion = 17.3.32819.101
MinimumVisualStudioVersion = 10.0.40219.1
Project("{FAE04EC0-301F-11D3-BF4B-00C04F79EFBC}") = "AITSFChsPatchCreate", "AITSFChsPatchCreate.csproj", "{97E8AA17-5307-48F0-BD32-C95D66575F37}"
EndProject
Global
	GlobalSection(SolutionConfigurationPlatforms) = preSolution
		Debug|Any CPU = Debug|Any CPU
		Release|Any CPU = Release|Any CPU
	EndGlobalSection
	GlobalSection(ProjectConfigurationPlatforms) = postSolution
		{97E8AA17-5307-48F0-BD32-C95D66575F37}.Debug|Any CPU.ActiveCfg = Debug|Any CPU
		{97E8AA17-5307-48F0-BD32-C95D66575F37}.Debug|Any CPU.Build.0 = Debug|Any CPU
		{97E8AA17-5307-48F0-BD32-C95D66575F37}.Release|Any CPU.ActiveCfg = Release|Any CPU
		{97E8AA17-5307-48F0-BD32-C95D66575F37}.Release|Any CPU.Build.0 = Release|Any CPU
	EndGlobalSection
	GlobalSection(SolutionProperties) = preSolution
		HideSolutionNode = FALSE
	EndGlobalSection
	GlobalSection(ExtensibilityGlobals) = postSolution
		SolutionGuid = {A951F8F1-6751-44F4-9988-ACB078264B96}
	EndGlobalSection
EndGlobal
